{
  "originHash" : "eda512cfd59d9b7d5cf2da27453ccd3dcfca2352a83f909de11ac9e1467c698c",
  "pins" : [
    {
      "identity" : "amsmb2",
      "kind" : "remoteSourceControl",
      "location" : "https://github.com/vanities/AMSMB2.git",
      "state" : {
        "revision" : "9519bd0fd6488a976de31733b325fb534020d6e9",
        "version" : "4.0.4"
      }
    }
  ],
  "version" : 3
}
